
Microsoft Visual Studio Solution File, Format Version 9.00
# Visual Studio 2005
Project("{FAE04EC0-301F-11D3-BF4B-00C04F79EFBC}") = "AttribChanger", "AttribChanger\AttribChanger.csproj", "{9152EC33-35CE-4116-AFE3-7DC1B4B863FF}"
EndProject
Global
	GlobalSection(SolutionConfigurationPlatforms) = preSolution
		Debug|Any CPU = Debug|Any CPU
		Release|Any CPU = Release|Any CPU
	EndGlobalSection
	GlobalSection(ProjectConfigurationPlatforms) = postSolution
		{9152EC33-35CE-4116-AFE3-7DC1B4B863FF}.Debug|Any CPU.ActiveCfg = Debug|Any CPU
		{9152EC33-35CE-4116-AFE3-7DC1B4B863FF}.Debug|Any CPU.Build.0 = Debug|Any CPU
		{9152EC33-35CE-4116-AFE3-7DC1B4B863FF}.Release|Any CPU.ActiveCfg = Release|Any CPU
		{9152EC33-35CE-4116-AFE3-7DC1B4B863FF}.Release|Any CPU.Build.0 = Release|Any CPU
	EndGlobalSection
	GlobalSection(SolutionProperties) = preSolution
		HideSolutionNode = FALSE
	EndGlobalSection
EndGlobal
